// !$*UTF8*$!
{
	archiveVersion = 1;
	classes = {
	};
	objectVersion = 50;
	objects = {

/* Begin PBXBuildFile section */
		18705626246D796100314D68 /* AppDelegate.swift in Sources */ = {isa = PBXBuildFile; fileRef = 18705625246D796100314D68 /* AppDelegate.swift */; };
		18705628246D796100314D68 /* SceneDelegate.swift in Sources */ = {isa = PBXBuildFile; fileRef = 18705627246D796100314D68 /* SceneDelegate.swift */; };
		1870562A246D796100314D68 /* ViewController.swift in Sources */ = {isa = PBXBuildFile; fileRef = 18705629246D796100314D68 /* ViewController.swift */; };
		1870562D246D796100314D68 /* Main.storyboard in Resources */ = {isa = PBXBuildFile; fileRef = 1870562B246D796100314D68 /* Main.storyboard */; };
		1870562F246D796400314D68 /* Assets.xcassets in Resources */ = {isa = PBXBuildFile; fileRef = 1870562E246D796400314D68 /* Assets.xcassets */; };
		18705632246D796400314D68 /* LaunchScreen.storyboard in Resources */ = {isa = PBXBuildFile; fileRef = 18705630246D796400314D68 /* LaunchScreen.storyboard */; };
		1870563D246D796400314D68 /* ContactsMVVM_SwiftTests.swift in Sources */ = {isa = PBXBuildFile; fileRef = 1870563C246D796400314D68 /* ContactsMVVM_SwiftTests.swift */; };
		18705648246D796400314D68 /* ContactsMVVM_SwiftUITests.swift in Sources */ = {isa = PBXBuildFile; fileRef = 18705647246D796400314D68 /* ContactsMVVM_SwiftUITests.swift */; };
		1870565A246D7A8300314D68 /* Contact.swift in Sources */ = {isa = PBXBuildFile; fileRef = 18705659246D7A8300314D68 /* Contact.swift */; };
		1870565C246D7A9800314D68 /* ContactViewModel.swift in Sources */ = {isa = PBXBuildFile; fileRef = 1870565B246D7A9800314D68 /* ContactViewModel.swift */; };
/* End PBXBuildFile section */

/* Begin PBXContainerItemProxy section */
		18705639246D796400314D68 /* PBXContainerItemProxy */ = {
			isa = PBXContainerItemProxy;
			containerPortal = 1870561A246D796100314D68 /* Project object */;
			proxyType = 1;
			remoteGlobalIDString = 18705621246D796100314D68;
			remoteInfo = "ContactsMVVM-Swift";
		};
		18705644246D796400314D68 /* PBXContainerItemProxy */ = {
			isa = PBXContainerItemProxy;
			containerPortal = 1870561A246D796100314D68 /* Project object */;
			proxyType = 1;
			remoteGlobalIDString = 18705621246D796100314D68;
			remoteInfo = "ContactsMVVM-Swift";
		};
/* End PBXContainerItemProxy section */

/* Begin PBXFileReference section */
		18705622246D796100314D68 /* ContactsMVVM-Swift.app */ = {isa = PBXFileReference; explicitFileType = wrapper.application; includeInIndex = 0; path = "ContactsMVVM-Swift.app"; sourceTree = BUILT_PRODUCTS_DIR; };
		18705625246D796100314D68 /* AppDelegate.swift */ = {isa = PBXFileReference; lastKnownFileType = sourcecode.swift; path = AppDelegate.swift; sourceTree = "<group>"; };
		18705627246D796100314D68 /* SceneDelegate.swift */ = {isa = PBXFileReference; lastKnownFileType = sourcecode.swift; path = SceneDelegate.swift; sourceTree = "<group>"; };
		18705629246D796100314D68 /* ViewController.swift */ = {isa = PBXFileReference; lastKnownFileType = sourcecode.swift; path = ViewController.swift; sourceTree = "<group>"; };
		1870562C246D796100314D68 /* Base */ = {isa = PBXFileReference; lastKnownFileType = file.storyboard; name = Base; path = Base.lproj/Main.storyboard; sourceTree = "<group>"; };
		1870562E246D796400314D68 /* Assets.xcassets */ = {isa = PBXFileReference; lastKnownFileType = folder.assetcatalog; path = Assets.xcassets; sourceTree = "<group>"; };
		18705631246D796400314D68 /* Base */ = {isa = PBXFileReference; lastKnownFileType = file.storyboard; name = Base; path = Base.lproj/LaunchScreen.storyboard; sourceTree = "<group>"; };
		18705633246D796400314D68 /* Info.plist */ = {isa = PBXFileReference; lastKnownFileType = text.plist.xml; path = Info.plist; sourceTree = "<group>"; };
		18705638246D796400314D68 /* ContactsMVVM-SwiftTests.xctest */ = {isa = PBXFileReference; explicitFileType = wrapper.cfbundle; includeInIndex = 0; path = "ContactsMVVM-SwiftTests.xctest"; sourceTree = BUILT_PRODUCTS_DIR; };
		1870563C246D796400314D68 /* ContactsMVVM_SwiftTests.swift */ = {isa = PBXFileReference; lastKnownFileType = sourcecode.swift; path = ContactsMVVM_SwiftTests.swift; sourceTree = "<group>"; };
		1870563E246D796400314D68 /* Info.plist */ = {isa = PBXFileReference; lastKnownFileType = text.plist.xml; path = Info.plist; sourceTree = "<group>"; };
		18705643246D796400314D68 /* ContactsMVVM-SwiftUITests.xctest */ = {isa = PBXFileReference; explicitFileType = wrapper.cfbundle; includeInIndex = 0; path = "ContactsMVVM-SwiftUITests.xctest"; sourceTree = BUILT_PRODUCTS_DIR; };
		18705647246D796400314D68 /* ContactsMVVM_SwiftUITests.swift */ = {isa = PBXFileReference; lastKnownFileType = sourcecode.swift; path = ContactsMVVM_SwiftUITests.swift; sourceTree = "<group>"; };
		18705649246D796400314D68 /* Info.plist */ = {isa = PBXFileReference; lastKnownFileType = text.plist.xml; path = Info.plist; sourceTree = "<group>"; };
		18705659246D7A8300314D68 /* Contact.swift */ = {isa = PBXFileReference; lastKnownFileType = sourcecode.swift; path = Contact.swift; sourceTree = "<group>"; };
		1870565B246D7A9800314D68 /* ContactViewModel.swift */ = {isa = PBXFileReference; lastKnownFileType = sourcecode.swift; path = ContactViewModel.swift; sourceTree = "<group>"; };
/* End PBXFileReference section */

/* Begin PBXFrameworksBuildPhase section */
		1870561F246D796100314D68 /* Frameworks */ = {
			isa = PBXFrameworksBuildPhase;
			buildActionMask = 2147483647;
			files = (
			);
			runOnlyForDeploymentPostprocessing = 0;
		};
		18705635246D796400314D68 /* Frameworks */ = {
			isa = PBXFrameworksBuildPhase;
			buildActionMask = 2147483647;
			files = (
			);
			runOnlyForDeploymentPostprocessing = 0;
		};
		18705640246D796400314D68 /* Frameworks */ = {
			isa = PBXFrameworksBuildPhase;
			buildActionMask = 2147483647;
			files = (
			);
			runOnlyForDeploymentPostprocessing = 0;
		};
/* End PBXFrameworksBuildPhase section */

/* Begin PBXGroup section */
		18705619246D796100314D68 = {
			isa = PBXGroup;
			children = (
				18705624246D796100314D68 /* ContactsMVVM-Swift */,
				1870563B246D796400314D68 /* ContactsMVVM-SwiftTests */,
				18705646246D796400314D68 /* ContactsMVVM-SwiftUITests */,
				18705623246D796100314D68 /* Products */,
			);
			sourceTree = "<group>";
		};
		18705623246D796100314D68 /* Products */ = {
			isa = PBXGroup;
			children = (
				18705622246D796100314D68 /* ContactsMVVM-Swift.app */,
				18705638246D796400314D68 /* ContactsMVVM-SwiftTests.xctest */,
				18705643246D796400314D68 /* ContactsMVVM-SwiftUITests.xctest */,
			);
			name = Products;
			sourceTree = "<group>";
		};
		18705624246D796100314D68 /* ContactsMVVM-Swift */ = {
			isa = PBXGroup;
			children = (
				18705658246D7A6300314D68 /* Views */,
				18705657246D7A5B00314D68 /* Model */,
				18705656246D7A5200314D68 /* ViewModel */,
				18705625246D796100314D68 /* AppDelegate.swift */,
				18705627246D796100314D68 /* SceneDelegate.swift */,
				1870562B246D796100314D68 /* Main.storyboard */,
				1870562E246D796400314D68 /* Assets.xcassets */,
				18705630246D796400314D68 /* LaunchScreen.storyboard */,
				18705633246D796400314D68 /* Info.plist */,
			);
			path = "ContactsMVVM-Swift";
			sourceTree = "<group>";
		};
		1870563B246D796400314D68 /* ContactsMVVM-SwiftTests */ = {
			isa = PBXGroup;
			children = (
				1870563C246D796400314D68 /* ContactsMVVM_SwiftTests.swift */,
				1870563E246D796400314D68 /* Info.plist */,
			);
			path = "ContactsMVVM-SwiftTests";
			sourceTree = "<group>";
		};
		18705646246D796400314D68 /* ContactsMVVM-SwiftUITests */ = {
			isa = PBXGroup;
			children = (
				18705647246D796400314D68 /* ContactsMVVM_SwiftUITests.swift */,
				18705649246D796400314D68 /* Info.plist */,
			);
			path = "ContactsMVVM-SwiftUITests";
			sourceTree = "<group>";
		};
		18705656246D7A5200314D68 /* ViewModel */ = {
			isa = PBXGroup;
			children = (
				1870565B246D7A9800314D68 /* ContactViewModel.swift */,
			);
			path = ViewModel;
			sourceTree = "<group>";
		};
		18705657246D7A5B00314D68 /* Model */ = {
			isa = PBXGroup;
			children = (
				18705659246D7A8300314D68 /* Contact.swift */,
			);
			path = Model;
			sourceTree = "<group>";
		};
		18705658246D7A6300314D68 /* Views */ = {
			isa = PBXGroup;
			children = (
				18705629246D796100314D68 /* ViewController.swift */,
			);
			path = Views;
			sourceTree = "<group>";
		};
/* End PBXGroup section */

/* Begin PBXNativeTarget section */
		18705621246D796100314D68 /* ContactsMVVM-Swift */ = {
			isa = PBXNativeTarget;
			buildConfigurationList = 1870564C246D796400314D68 /* Build configuration list for PBXNativeTarget "ContactsMVVM-Swift" */;
			buildPhases = (
				1870561E246D796100314D68 /* Sources */,
				1870561F246D796100314D68 /* Frameworks */,
				18705620246D796100314D68 /* Resources */,
			);
			buildRules = (
			);
			dependencies = (
			);
			name = "ContactsMVVM-Swift";
			productName = "ContactsMVVM-Swift";
			productReference = 18705622246D796100314D68 /* ContactsMVVM-Swift.app */;
			productType = "com.apple.product-type.application";
		};
		18705637246D796400314D68 /* ContactsMVVM-SwiftTests */ = {
			isa = PBXNativeTarget;
			buildConfigurationList = 1870564F246D796400314D68 /* Build configuration list for PBXNativeTarget "ContactsMVVM-SwiftTests" */;
			buildPhases = (
				18705634246D796400314D68 /* Sources */,
				18705635246D796400314D68 /* Frameworks */,
				18705636246D796400314D68 /* Resources */,
			);
			buildRules = (
			);
			dependencies = (
				1870563A246D796400314D68 /* PBXTargetDependency */,
			);
			name = "ContactsMVVM-SwiftTests";
			productName = "ContactsMVVM-SwiftTests";
			productReference = 18705638246D796400314D68 /* ContactsMVVM-SwiftTests.xctest */;
			productType = "com.apple.product-type.bundle.unit-test";
		};
		18705642246D796400314D68 /* ContactsMVVM-SwiftUITests */ = {
			isa = PBXNativeTarget;
			buildConfigurationList = 18705652246D796400314D68 /* Build configuration list for PBXNativeTarget "ContactsMVVM-SwiftUITests" */;
			buildPhases = (
				1870563F246D796400314D68 /* Sources */,
				18705640246D796400314D68 /* Frameworks */,
				18705641246D796400314D68 /* Resources */,
			);
			buildRules = (
			);
			dependencies = (
				18705645246D796400314D68 /* PBXTargetDependency */,
			);
			name = "ContactsMVVM-SwiftUITests";
			productName = "ContactsMVVM-SwiftUITests";
			productReference = 18705643246D796400314D68 /* ContactsMVVM-SwiftUITests.xctest */;
			productType = "com.apple.product-type.bundle.ui-testing";
		};
/* End PBXNativeTarget section */

/* Begin PBXProject section */
		1870561A246D796100314D68 /* Project object */ = {
			isa = PBXProject;
			attributes = {
				LastSwiftUpdateCheck = 1140;
				LastUpgradeCheck = 1140;
				ORGANIZATIONNAME = "Tássio Marcos Rocha";
				TargetAttributes = {
					18705621246D796100314D68 = {
						CreatedOnToolsVersion = 11.4.1;
					};
					18705637246D796400314D68 = {
						CreatedOnToolsVersion = 11.4.1;
						TestTargetID = 18705621246D796100314D68;
					};
					18705642246D796400314D68 = {
						CreatedOnToolsVersion = 11.4.1;
						TestTargetID = 18705621246D796100314D68;
					};
				};
			};
			buildConfigurationList = 1870561D246D796100314D68 /* Build configuration list for PBXProject "ContactsMVVM-Swift" */;
			compatibilityVersion = "Xcode 9.3";
			developmentRegion = en;
			hasScannedForEncodings = 0;
			knownRegions = (
				en,
				Base,
			);
			mainGroup = 18705619246D796100314D68;
			productRefGroup = 18705623246D796100314D68 /* Products */;
			projectDirPath = "";
			projectRoot = "";
			targets = (
				18705621246D796100314D68 /* ContactsMVVM-Swift */,
				18705637246D796400314D68 /* ContactsMVVM-SwiftTests */,
				18705642246D796400314D68 /* ContactsMVVM-SwiftUITests */,
			);
		};
/* End PBXProject section */

/* Begin PBXResourcesBuildPhase section */
		18705620246D796100314D68 /* Resources */ = {
			isa = PBXResourcesBuildPhase;
			buildActionMask = 2147483647;
			files = (
				18705632246D796400314D68 /* LaunchScreen.storyboard in Resources */,
				1870562F246D796400314D68 /* Assets.xcassets in Resources */,
				1870562D246D796100314D68 /* Main.storyboard in Resources */,
			);
			runOnlyForDeploymentPostprocessing = 0;
		};
		18705636246D796400314D68 /* Resources */ = {
			isa = PBXResourcesBuildPhase;
			buildActionMask = 2147483647;
			files = (
			);
			runOnlyForDeploymentPostprocessing = 0;
		};
		18705641246D796400314D68 /* Resources */ = {
			isa = PBXResourcesBuildPhase;
			buildActionMask = 2147483647;
			files = (
			);
			runOnlyForDeploymentPostprocessing = 0;
		};
/* End PBXResourcesBuildPhase section */

/* Begin PBXSourcesBuildPhase section */
		1870561E246D796100314D68 /* Sources */ = {
			isa = PBXSourcesBuildPhase;
			buildActionMask = 2147483647;
			files = (
				1870565A246D7A8300314D68 /* Contact.swift in Sources */,
				1870562A246D796100314D68 /* ViewController.swift in Sources */,
				1870565C246D7A9800314D68 /* ContactViewModel.swift in Sources */,
				18705626246D796100314D68 /* AppDelegate.swift in Sources */,
				18705628246D796100314D68 /* SceneDelegate.swift in Sources */,
			);
			runOnlyForDeploymentPostprocessing = 0;
		};
		18705634246D796400314D68 /* Sources */ = {
			isa = PBXSourcesBuildPhase;
			buildActionMask = 2147483647;
			files = (
				1870563D246D796400314D68 /* ContactsMVVM_SwiftTests.swift in Sources */,
			);
			runOnlyForDeploymentPostprocessing = 0;
		};
		1870563F246D796400314D68 /* Sources */ = {
			isa = PBXSourcesBuildPhase;
			buildActionMask = 2147483647;
			files = (
				18705648246D796400314D68 /* ContactsMVVM_SwiftUITests.swift in Sources */,
			);
			runOnlyForDeploymentPostprocessing = 0;
		};
/* End PBXSourcesBuildPhase section */

/* Begin PBXTargetDependency section */
		1870563A246D796400314D68 /* PBXTargetDependency */ = {
			isa = PBXTargetDependency;
			target = 18705621246D796100314D68 /* ContactsMVVM-Swift */;
			targetProxy = 18705639246D796400314D68 /* PBXContainerItemProxy */;
		};
		18705645246D796400314D68 /* PBXTargetDependency */ = {
			isa = PBXTargetDependency;
			target = 18705621246D796100314D68 /* ContactsMVVM-Swift */;
			targetProxy = 18705644246D796400314D68 /* PBXContainerItemProxy */;
		};
/* End PBXTargetDependency section */

/* Begin PBXVariantGroup section */
		1870562B246D796100314D68 /* Main.storyboard */ = {
			isa = PBXVariantGroup;
			children = (
				1870562C246D796100314D68 /* Base */,
			);
			name = Main.storyboard;
			sourceTree = "<group>";
		};
		18705630246D796400314D68 /* LaunchScreen.storyboard */ = {
			isa = PBXVariantGroup;
			children = (
				18705631246D796400314D68 /* Base */,
			);
			name = LaunchScreen.storyboard;
			sourceTree = "<group>";
		};
/* End PBXVariantGroup section */

/* Begin XCBuildConfiguration section */
		1870564A246D796400314D68 /* Debug */ = {
			isa = XCBuildConfiguration;
			buildSettings = {
				ALWAYS_SEARCH_USER_PATHS = NO;
				CLANG_ANALYZER_NONNULL = YES;
				CLANG_ANALYZER_NUMBER_OBJECT_CONVERSION = YES_AGGRESSIVE;
				CLANG_CXX_LANGUAGE_STANDARD = "gnu++14";
				CLANG_CXX_LIBRARY = "libc++";
				CLANG_ENABLE_MODULES = YES;
				CLANG_ENABLE_OBJC_ARC = YES;
				CLANG_ENABLE_OBJC_WEAK = YES;
				CLANG_WARN_BLOCK_CAPTURE_AUTORELEASING = YES;
				CLANG_WARN_BOOL_CONVERSION = YES;
				CLANG_WARN_COMMA = YES;
				CLANG_WARN_CONSTANT_CONVERSION = YES;
				CLANG_WARN_DEPRECATED_OBJC_IMPLEMENTATIONS = YES;
				CLANG_WARN_DIRECT_OBJC_ISA_USAGE = YES_ERROR;
				CLANG_WARN_DOCUMENTATION_COMMENTS = YES;
				CLANG_WARN_EMPTY_BODY = YES;
				CLANG_WARN_ENUM_CONVERSION = YES;
				CLANG_WARN_INFINITE_RECURSION = YES;
				CLANG_WARN_INT_CONVERSION = YES;
				CLANG_WARN_NON_LITERAL_NULL_CONVERSION = YES;
				CLANG_WARN_OBJC_IMPLICIT_RETAIN_SELF = YES;
				CLANG_WARN_OBJC_LITERAL_CONVERSION = YES;
				CLANG_WARN_OBJC_ROOT_CLASS = YES_ERROR;
				CLANG_WARN_RANGE_LOOP_ANALYSIS = YES;
				CLANG_WARN_STRICT_PROTOTYPES = YES;
				CLANG_WARN_SUSPICIOUS_MOVE = YES;
				CLANG_WARN_UNGUARDED_AVAILABILITY = YES_AGGRESSIVE;
				CLANG_WARN_UNREACHABLE_CODE = YES;
				CLANG_WARN__DUPLICATE_METHOD_MATCH = YES;
				COPY_PHASE_STRIP = NO;
				DEBUG_INFORMATION_FORMAT = dwarf;
				ENABLE_STRICT_OBJC_MSGSEND = YES;
				ENABLE_TESTABILITY = YES;
				GCC_C_LANGUAGE_STANDARD = gnu11;
				GCC_DYNAMIC_NO_PIC = NO;
				GCC_NO_COMMON_BLOCKS = YES;
				GCC_OPTIMIZATION_LEVEL = 0;
				GCC_PREPROCESSOR_DEFINITIONS = (
					"DEBUG=1",
					"$(inherited)",
				);
				GCC_WARN_64_TO_32_BIT_CONVERSION = YES;
				GCC_WARN_ABOUT_RETURN_TYPE = YES_ERROR;
				GCC_WARN_UNDECLARED_SELECTOR = YES;
				GCC_WARN_UNINITIALIZED_AUTOS = YES_AGGRESSIVE;
				GCC_WARN_UNUSED_FUNCTION = YES;
				GCC_WARN_UNUSED_VARIABLE = YES;
				IPHONEOS_DEPLOYMENT_TARGET = 13.4;
				MTL_ENABLE_DEBUG_INFO = INCLUDE_SOURCE;
				MTL_FAST_MATH = YES;
				ONLY_ACTIVE_ARCH = YES;
				SDKROOT = iphoneos;
				SWIFT_ACTIVE_COMPILATION_CONDITIONS = DEBUG;
				SWIFT_OPTIMIZATION_LEVEL = "-Onone";
			};
			name = Debug;
		};
		1870564B246D796400314D68 /* Release */ = {
			isa = XCBuildConfiguration;
			buildSettings = {
				ALWAYS_SEARCH_USER_PATHS = NO;
				CLANG_ANALYZER_NONNULL = YES;
				CLANG_ANALYZER_NUMBER_OBJECT_CONVERSION = YES_AGGRESSIVE;
				CLANG_CXX_LANGUAGE_STANDARD = "gnu++14";
				CLANG_CXX_LIBRARY = "libc++";
				CLANG_ENABLE_MODULES = YES;
				CLANG_ENABLE_OBJC_ARC = YES;
				CLANG_ENABLE_OBJC_WEAK = YES;
				CLANG_WARN_BLOCK_CAPTURE_AUTORELEASING = YES;
				CLANG_WARN_BOOL_CONVERSION = YES;
				CLANG_WARN_COMMA = YES;
				CLANG_WARN_CONSTANT_CONVERSION = YES;
				CLANG_WARN_DEPRECATED_OBJC_IMPLEMENTATIONS = YES;
				CLANG_WARN_DIRECT_OBJC_ISA_USAGE = YES_ERROR;
				CLANG_WARN_DOCUMENTATION_COMMENTS = YES;
				CLANG_WARN_EMPTY_BODY = YES;
				CLANG_WARN_ENUM_CONVERSION = YES;
				CLANG_WARN_INFINITE_RECURSION = YES;
				CLANG_WARN_INT_CONVERSION = YES;
				CLANG_WARN_NON_LITERAL_NULL_CONVERSION = YES;
				CLANG_WARN_OBJC_IMPLICIT_RETAIN_SELF = YES;
				CLANG_WARN_OBJC_LITERAL_CONVERSION = YES;
				CLANG_WARN_OBJC_ROOT_CLASS = YES_ERROR;
				CLANG_WARN_RANGE_LOOP_ANALYSIS = YES;
				CLANG_WARN_STRICT_PROTOTYPES = YES;
				CLANG_WARN_SUSPICIOUS_MOVE = YES;
				CLANG_WARN_UNGUARDED_AVAILABILITY = YES_AGGRESSIVE;
				CLANG_WARN_UNREACHABLE_CODE = YES;
				CLANG_WARN__DUPLICATE_METHOD_MATCH = YES;
				COPY_PHASE_STRIP = NO;
				DEBUG_INFORMATION_FORMAT = "dwarf-with-dsym";
				ENABLE_NS_ASSERTIONS = NO;
				ENABLE_STRICT_OBJC_MSGSEND = YES;
				GCC_C_LANGUAGE_STANDARD = gnu11;
				GCC_NO_COMMON_BLOCKS = YES;
				GCC_WARN_64_TO_32_BIT_CONVERSION = YES;
				GCC_WARN_ABOUT_RETURN_TYPE = YES_ERROR;
				GCC_WARN_UNDECLARED_SELECTOR = YES;
				GCC_WARN_UNINITIALIZED_AUTOS = YES_AGGRESSIVE;
				GCC_WARN_UNUSED_FUNCTION = YES;
				GCC_WARN_UNUSED_VARIABLE = YES;
				IPHONEOS_DEPLOYMENT_TARGET = 13.4;
				MTL_ENABLE_DEBUG_INFO = NO;
				MTL_FAST_MATH = YES;
				SDKROOT = iphoneos;
				SWIFT_COMPILATION_MODE = wholemodule;
				SWIFT_OPTIMIZATION_LEVEL = "-O";
				VALIDATE_PRODUCT = YES;
			};
			name = Release;
		};
		1870564D246D796400314D68 /* Debug */ = {
			isa = XCBuildConfiguration;
			buildSettings = {
				ASSETCATALOG_COMPILER_APPICON_NAME = AppIcon;
				CODE_SIGN_STYLE = Automatic;
				INFOPLIST_FILE = "ContactsMVVM-Swift/Info.plist";
				LD_RUNPATH_SEARCH_PATHS = (
					"$(inherited)",
					"@executable_path/Frameworks",
				);
				PRODUCT_BUNDLE_IDENTIFIER = "br.com.tassio.contacts.swift.ContactsMVVM-Swift";
				PRODUCT_NAME = "$(TARGET_NAME)";
				SWIFT_VERSION = 5.0;
				TARGETED_DEVICE_FAMILY = "1,2";
			};
			name = Debug;
		};
		1870564E246D796400314D68 /* Release */ = {
			isa = XCBuildConfiguration;
			buildSettings = {
				ASSETCATALOG_COMPILER_APPICON_NAME = AppIcon;
				CODE_SIGN_STYLE = Automatic;
				INFOPLIST_FILE = "ContactsMVVM-Swift/Info.plist";
				LD_RUNPATH_SEARCH_PATHS = (
					"$(inherited)",
					"@executable_path/Frameworks",
				);
				PRODUCT_BUNDLE_IDENTIFIER = "br.com.tassio.contacts.swift.ContactsMVVM-Swift";
				PRODUCT_NAME = "$(TARGET_NAME)";
				SWIFT_VERSION = 5.0;
				TARGETED_DEVICE_FAMILY = "1,2";
			};
			name = Release;
		};
		18705650246D796400314D68 /* Debug */ = {
			isa = XCBuildConfiguration;
			buildSettings = {
				ALWAYS_EMBED_SWIFT_STANDARD_LIBRARIES = YES;
				BUNDLE_LOADER = "$(TEST_HOST)";
				CODE_SIGN_STYLE = Automatic;
				INFOPLIST_FILE = "ContactsMVVM-SwiftTests/Info.plist";
				IPHONEOS_DEPLOYMENT_TARGET = 13.4;
				LD_RUNPATH_SEARCH_PATHS = (
					"$(inherited)",
					"@executable_path/Frameworks",
					"@loader_path/Frameworks",
				);
				PRODUCT_BUNDLE_IDENTIFIER = "br.com.tassio.contacts.swift.ContactsMVVM-SwiftTests";
				PRODUCT_NAME = "$(TARGET_NAME)";
				SWIFT_VERSION = 5.0;
				TARGETED_DEVICE_FAMILY = "1,2";
				TEST_HOST = "$(BUILT_PRODUCTS_DIR)/ContactsMVVM-Swift.app/ContactsMVVM-Swift";
			};
			name = Debug;
		};
		18705651246D796400314D68 /* Release */ = {
			isa = XCBuildConfiguration;
			buildSettings = {
				ALWAYS_EMBED_SWIFT_STANDARD_LIBRARIES = YES;
				BUNDLE_LOADER = "$(TEST_HOST)";
				CODE_SIGN_STYLE = Automatic;
				INFOPLIST_FILE = "ContactsMVVM-SwiftTests/Info.plist";
				IPHONEOS_DEPLOYMENT_TARGET = 13.4;
				LD_RUNPATH_SEARCH_PATHS = (
					"$(inherited)",
					"@executable_path/Frameworks",
					"@loader_path/Frameworks",
				);
				PRODUCT_BUNDLE_IDENTIFIER = "br.com.tassio.contacts.swift.ContactsMVVM-SwiftTests";
				PRODUCT_NAME = "$(TARGET_NAME)";
				SWIFT_VERSION = 5.0;
				TARGETED_DEVICE_FAMILY = "1,2";
				TEST_HOST = "$(BUILT_PRODUCTS_DIR)/ContactsMVVM-Swift.app/ContactsMVVM-Swift";
			};
			name = Release;
		};
		18705653246D796400314D68 /* Debug */ = {
			isa = XCBuildConfiguration;
			buildSettings = {
				ALWAYS_EMBED_SWIFT_STANDARD_LIBRARIES = YES;
				CODE_SIGN_STYLE = Automatic;
				INFOPLIST_FILE = "ContactsMVVM-SwiftUITests/Info.plist";
				LD_RUNPATH_SEARCH_PATHS = (
					"$(inherited)",
					"@executable_path/Frameworks",
					"@loader_path/Frameworks",
				);
				PRODUCT_BUNDLE_IDENTIFIER = "br.com.tassio.contacts.swift.ContactsMVVM-SwiftUITests";
				PRODUCT_NAME = "$(TARGET_NAME)";
				SWIFT_VERSION = 5.0;
				TARGETED_DEVICE_FAMILY = "1,2";
				TEST_TARGET_NAME = "ContactsMVVM-Swift";
			};
			name = Debug;
		};
		18705654246D796400314D68 /* Release */ = {
			isa = XCBuildConfiguration;
			buildSettings = {
				ALWAYS_EMBED_SWIFT_STANDARD_LIBRARIES = YES;
				CODE_SIGN_STYLE = Automatic;
				INFOPLIST_FILE = "ContactsMVVM-SwiftUITests/Info.plist";
				LD_RUNPATH_SEARCH_PATHS = (
					"$(inherited)",
					"@executable_path/Frameworks",
					"@loader_path/Frameworks",
				);
				PRODUCT_BUNDLE_IDENTIFIER = "br.com.tassio.contacts.swift.ContactsMVVM-SwiftUITests";
				PRODUCT_NAME = "$(TARGET_NAME)";
				SWIFT_VERSION = 5.0;
				TARGETED_DEVICE_FAMILY = "1,2";
				TEST_TARGET_NAME = "ContactsMVVM-Swift";
			};
			name = Release;
		};
/* End XCBuildConfiguration section */

/* Begin XCConfigurationList section */
		1870561D246D796100314D68 /* Build configuration list for PBXProject "ContactsMVVM-Swift" */ = {
			isa = XCConfigurationList;
			buildConfigurations = (
				1870564A246D796400314D68 /* Debug */,
				1870564B246D796400314D68 /* Release */,
			);
			defaultConfigurationIsVisible = 0;
			defaultConfigurationName = Release;
		};
		1870564C246D796400314D68 /* Build configuration list for PBXNativeTarget "ContactsMVVM-Swift" */ = {
			isa = XCConfigurationList;
			buildConfigurations = (
				1870564D246D796400314D68 /* Debug */,
				1870564E246D796400314D68 /* Release */,
			);
			defaultConfigurationIsVisible = 0;
			defaultConfigurationName = Release;
		};
		1870564F246D796400314D68 /* Build configuration list for PBXNativeTarget "ContactsMVVM-SwiftTests" */ = {
			isa = XCConfigurationList;
			buildConfigurations = (
				18705650246D796400314D68 /* Debug */,
				18705651246D796400314D68 /* Release */,
			);
			defaultConfigurationIsVisible = 0;
			defaultConfigurationName = Release;
		};
		18705652246D796400314D68 /* Build configuration list for PBXNativeTarget "ContactsMVVM-SwiftUITests" */ = {
			isa = XCConfigurationList;
			buildConfigurations = (
				18705653246D796400314D68 /* Debug */,
				18705654246D796400314D68 /* Release */,
			);
			defaultConfigurationIsVisible = 0;
			defaultConfigurationName = Release;
		};
/* End XCConfigurationList section */
	};
	rootObject = 1870561A246D796100314D68 /* Project object */;
}
